// !$*UTF8*$!
{
	archiveVersion = 1;
	classes = {
	};
	objectVersion = 46;
	objects = {

/* Begin PBXBuildFile section */
		8FBE80561D480101004BD0CA /* Broute.h in Headers */ = {isa = PBXBuildFile; fileRef = 8FBE80551D480101004BD0CA /* Broute.h */; settings = {ATTRIBUTES = (Public, ); }; };
		8FBE80661D480261004BD0CA /* CoreLocation.framework in Frameworks */ = {isa = PBXBuildFile; fileRef = 8FBE80651D480261004BD0CA /* CoreLocation.framework */; };
		8FBE80781D480708004BD0CA /* UIKit.framework in Frameworks */ = {isa = PBXBuildFile; fileRef = 8FBE80771D480708004BD0CA /* UIKit.framework */; };
		8FBE80891D481E8D004BD0CA /* ELNAppleMapsRouteBuilder.h in Headers */ = {isa = PBXBuildFile; fileRef = 8FBE807E1D481E8D004BD0CA /* ELNAppleMapsRouteBuilder.h */; };
		8FBE808A1D481E8D004BD0CA /* ELNAppleMapsRouteBuilder.m in Sources */ = {isa = PBXBuildFile; fileRef = 8FBE807F1D481E8D004BD0CA /* ELNAppleMapsRouteBuilder.m */; };
		8FBE808B1D481E8D004BD0CA /* ELNGoogleMapsRouteBuilder.h in Headers */ = {isa = PBXBuildFile; fileRef = 8FBE80801D481E8D004BD0CA /* ELNGoogleMapsRouteBuilder.h */; };
		8FBE808C1D481E8D004BD0CA /* ELNGoogleMapsRouteBuilder.m in Sources */ = {isa = PBXBuildFile; fileRef = 8FBE80811D481E8D004BD0CA /* ELNGoogleMapsRouteBuilder.m */; };
		8FBE808D1D481E8D004BD0CA /* ELNRouteBuilderBase.h in Headers */ = {isa = PBXBuildFile; fileRef = 8FBE80821D481E8D004BD0CA /* ELNRouteBuilderBase.h */; };
		8FBE808E1D481E8D004BD0CA /* ELNThirdPartyAppRouteBuildingModel.h in Headers */ = {isa = PBXBuildFile; fileRef = 8FBE80831D481E8D004BD0CA /* ELNThirdPartyAppRouteBuildingModel.h */; };
		8FBE808F1D481E8D004BD0CA /* ELNThirdPartyAppRouteBuildingModel.m in Sources */ = {isa = PBXBuildFile; fileRef = 8FBE80841D481E8D004BD0CA /* ELNThirdPartyAppRouteBuildingModel.m */; };
		8FBE80901D481E8D004BD0CA /* ELNThirdPartyAppsRouteBuildingManager.h in Headers */ = {isa = PBXBuildFile; fileRef = 8FBE80851D481E8D004BD0CA /* ELNThirdPartyAppsRouteBuildingManager.h */; };
		8FBE80911D481E8D004BD0CA /* ELNThirdPartyAppsRouteBuildingManager.m in Sources */ = {isa = PBXBuildFile; fileRef = 8FBE80861D481E8D004BD0CA /* ELNThirdPartyAppsRouteBuildingManager.m */; };
		8FBE80921D481E8D004BD0CA /* ELNYandexNavigatorRouteBuilder.h in Headers */ = {isa = PBXBuildFile; fileRef = 8FBE80871D481E8D004BD0CA /* ELNYandexNavigatorRouteBuilder.h */; };
		8FBE80931D481E8D004BD0CA /* ELNYandexNavigatorRouteBuilder.m in Sources */ = {isa = PBXBuildFile; fileRef = 8FBE80881D481E8D004BD0CA /* ELNYandexNavigatorRouteBuilder.m */; };
/* End PBXBuildFile section */

/* Begin PBXFileReference section */
		8FBE80521D480101004BD0CA /* Broute.framework */ = {isa = PBXFileReference; explicitFileType = wrapper.framework; includeInIndex = 0; path = Broute.framework; sourceTree = BUILT_PRODUCTS_DIR; };
		8FBE80551D480101004BD0CA /* Broute.h */ = {isa = PBXFileReference; lastKnownFileType = sourcecode.c.h; path = Broute.h; sourceTree = "<group>"; };
		8FBE80571D480101004BD0CA /* Info.plist */ = {isa = PBXFileReference; lastKnownFileType = text.plist.xml; path = Info.plist; sourceTree = "<group>"; };
		8FBE80651D480261004BD0CA /* CoreLocation.framework */ = {isa = PBXFileReference; lastKnownFileType = wrapper.framework; name = CoreLocation.framework; path = System/Library/Frameworks/CoreLocation.framework; sourceTree = SDKROOT; };
		8FBE80771D480708004BD0CA /* UIKit.framework */ = {isa = PBXFileReference; lastKnownFileType = wrapper.framework; name = UIKit.framework; path = System/Library/Frameworks/UIKit.framework; sourceTree = SDKROOT; };
		8FBE807E1D481E8D004BD0CA /* ELNAppleMapsRouteBuilder.h */ = {isa = PBXFileReference; fileEncoding = 4; lastKnownFileType = sourcecode.c.h; path = ELNAppleMapsRouteBuilder.h; sourceTree = "<group>"; };
		8FBE807F1D481E8D004BD0CA /* ELNAppleMapsRouteBuilder.m */ = {isa = PBXFileReference; fileEncoding = 4; lastKnownFileType = sourcecode.c.objc; path = ELNAppleMapsRouteBuilder.m; sourceTree = "<group>"; };
		8FBE80801D481E8D004BD0CA /* ELNGoogleMapsRouteBuilder.h */ = {isa = PBXFileReference; fileEncoding = 4; lastKnownFileType = sourcecode.c.h; path = ELNGoogleMapsRouteBuilder.h; sourceTree = "<group>"; };
		8FBE80811D481E8D004BD0CA /* ELNGoogleMapsRouteBuilder.m */ = {isa = PBXFileReference; fileEncoding = 4; lastKnownFileType = sourcecode.c.objc; path = ELNGoogleMapsRouteBuilder.m; sourceTree = "<group>"; };
		8FBE80821D481E8D004BD0CA /* ELNRouteBuilderBase.h */ = {isa = PBXFileReference; fileEncoding = 4; lastKnownFileType = sourcecode.c.h; path = ELNRouteBuilderBase.h; sourceTree = "<group>"; };
		8FBE80831D481E8D004BD0CA /* ELNThirdPartyAppRouteBuildingModel.h */ = {isa = PBXFileReference; fileEncoding = 4; lastKnownFileType = sourcecode.c.h; path = ELNThirdPartyAppRouteBuildingModel.h; sourceTree = "<group>"; };
		8FBE80841D481E8D004BD0CA /* ELNThirdPartyAppRouteBuildingModel.m */ = {isa = PBXFileReference; fileEncoding = 4; lastKnownFileType = sourcecode.c.objc; path = ELNThirdPartyAppRouteBuildingModel.m; sourceTree = "<group>"; };
		8FBE80851D481E8D004BD0CA /* ELNThirdPartyAppsRouteBuildingManager.h */ = {isa = PBXFileReference; fileEncoding = 4; lastKnownFileType = sourcecode.c.h; path = ELNThirdPartyAppsRouteBuildingManager.h; sourceTree = "<group>"; };
		8FBE80861D481E8D004BD0CA /* ELNThirdPartyAppsRouteBuildingManager.m */ = {isa = PBXFileReference; fileEncoding = 4; lastKnownFileType = sourcecode.c.objc; path = ELNThirdPartyAppsRouteBuildingManager.m; sourceTree = "<group>"; };
		8FBE80871D481E8D004BD0CA /* ELNYandexNavigatorRouteBuilder.h */ = {isa = PBXFileReference; fileEncoding = 4; lastKnownFileType = sourcecode.c.h; path = ELNYandexNavigatorRouteBuilder.h; sourceTree = "<group>"; };
		8FBE80881D481E8D004BD0CA /* ELNYandexNavigatorRouteBuilder.m */ = {isa = PBXFileReference; fileEncoding = 4; lastKnownFileType = sourcecode.c.objc; path = ELNYandexNavigatorRouteBuilder.m; sourceTree = "<group>"; };
/* End PBXFileReference section */

/* Begin PBXFrameworksBuildPhase section */
		8FBE804E1D480101004BD0CA /* Frameworks */ = {
			isa = PBXFrameworksBuildPhase;
			buildActionMask = 2147483647;
			files = (
				8FBE80781D480708004BD0CA /* UIKit.framework in Frameworks */,
				8FBE80661D480261004BD0CA /* CoreLocation.framework in Frameworks */,
			);
			runOnlyForDeploymentPostprocessing = 0;
		};
/* End PBXFrameworksBuildPhase section */

/* Begin PBXGroup section */
		8FBE80481D480101004BD0CA = {
			isa = PBXGroup;
			children = (
				8FBE80771D480708004BD0CA /* UIKit.framework */,
				8FBE80651D480261004BD0CA /* CoreLocation.framework */,
				8FBE80541D480101004BD0CA /* Broute */,
				8FBE80531D480101004BD0CA /* Products */,
			);
			sourceTree = "<group>";
		};
		8FBE80531D480101004BD0CA /* Products */ = {
			isa = PBXGroup;
			children = (
				8FBE80521D480101004BD0CA /* Broute.framework */,
			);
			name = Products;
			sourceTree = "<group>";
		};
		8FBE80541D480101004BD0CA /* Broute */ = {
			isa = PBXGroup;
			children = (
				8FBE807D1D481E8D004BD0CA /* Source */,
				8FBE80551D480101004BD0CA /* Broute.h */,
				8FBE80571D480101004BD0CA /* Info.plist */,
			);
			path = Broute;
			sourceTree = "<group>";
		};
		8FBE807D1D481E8D004BD0CA /* Source */ = {
			isa = PBXGroup;
			children = (
				8FBE80941D481E9E004BD0CA /* Builders */,
				8FBE80821D481E8D004BD0CA /* ELNRouteBuilderBase.h */,
				8FBE80831D481E8D004BD0CA /* ELNThirdPartyAppRouteBuildingModel.h */,
				8FBE80841D481E8D004BD0CA /* ELNThirdPartyAppRouteBuildingModel.m */,
				8FBE80851D481E8D004BD0CA /* ELNThirdPartyAppsRouteBuildingManager.h */,
				8FBE80861D481E8D004BD0CA /* ELNThirdPartyAppsRouteBuildingManager.m */,
			);
			name = Source;
			path = ../../Source;
			sourceTree = "<group>";
		};
		8FBE80941D481E9E004BD0CA /* Builders */ = {
			isa = PBXGroup;
			children = (
				8FBE807E1D481E8D004BD0CA /* ELNAppleMapsRouteBuilder.h */,
				8FBE807F1D481E8D004BD0CA /* ELNAppleMapsRouteBuilder.m */,
				8FBE80801D481E8D004BD0CA /* ELNGoogleMapsRouteBuilder.h */,
				8FBE80811D481E8D004BD0CA /* ELNGoogleMapsRouteBuilder.m */,
				8FBE80871D481E8D004BD0CA /* ELNYandexNavigatorRouteBuilder.h */,
				8FBE80881D481E8D004BD0CA /* ELNYandexNavigatorRouteBuilder.m */,
			);
			name = Builders;
			sourceTree = "<group>";
		};
/* End PBXGroup section */

/* Begin PBXHeadersBuildPhase section */
		8FBE804F1D480101004BD0CA /* Headers */ = {
			isa = PBXHeadersBuildPhase;
			buildActionMask = 2147483647;
			files = (
				8FBE80891D481E8D004BD0CA /* ELNAppleMapsRouteBuilder.h in Headers */,
				8FBE80561D480101004BD0CA /* Broute.h in Headers */,
				8FBE808E1D481E8D004BD0CA /* ELNThirdPartyAppRouteBuildingModel.h in Headers */,
				8FBE80921D481E8D004BD0CA /* ELNYandexNavigatorRouteBuilder.h in Headers */,
				8FBE80901D481E8D004BD0CA /* ELNThirdPartyAppsRouteBuildingManager.h in Headers */,
				8FBE808B1D481E8D004BD0CA /* ELNGoogleMapsRouteBuilder.h in Headers */,
				8FBE808D1D481E8D004BD0CA /* ELNRouteBuilderBase.h in Headers */,
			);
			runOnlyForDeploymentPostprocessing = 0;
		};
/* End PBXHeadersBuildPhase section */

/* Begin PBXNativeTarget section */
		8FBE80511D480101004BD0CA /* Broute */ = {
			isa = PBXNativeTarget;
			buildConfigurationList = 8FBE805A1D480101004BD0CA /* Build configuration list for PBXNativeTarget "Broute" */;
			buildPhases = (
				8FBE804D1D480101004BD0CA /* Sources */,
				8FBE804E1D480101004BD0CA /* Frameworks */,
				8FBE804F1D480101004BD0CA /* Headers */,
				8FBE80501D480101004BD0CA /* Resources */,
			);
			buildRules = (
			);
			dependencies = (
			);
			name = Broute;
			productName = Broute;
			productReference = 8FBE80521D480101004BD0CA /* Broute.framework */;
			productType = "com.apple.product-type.framework";
		};
/* End PBXNativeTarget section */

/* Begin PBXProject section */
		8FBE80491D480101004BD0CA /* Project object */ = {
			isa = PBXProject;
			attributes = {
				CLASSPREFIX = ELN;
				LastUpgradeCheck = 0730;
				ORGANIZATIONNAME = ELN;
				TargetAttributes = {
					8FBE80511D480101004BD0CA = {
						CreatedOnToolsVersion = 7.3;
					};
				};
			};
			buildConfigurationList = 8FBE804C1D480101004BD0CA /* Build configuration list for PBXProject "Broute" */;
			compatibilityVersion = "Xcode 3.2";
			developmentRegion = English;
			hasScannedForEncodings = 0;
			knownRegions = (
				en,
			);
			mainGroup = 8FBE80481D480101004BD0CA;
			productRefGroup = 8FBE80531D480101004BD0CA /* Products */;
			projectDirPath = "";
			projectRoot = "";
			targets = (
				8FBE80511D480101004BD0CA /* Broute */,
			);
		};
/* End PBXProject section */

/* Begin PBXResourcesBuildPhase section */
		8FBE80501D480101004BD0CA /* Resources */ = {
			isa = PBXResourcesBuildPhase;
			buildActionMask = 2147483647;
			files = (
			);
			runOnlyForDeploymentPostprocessing = 0;
		};
/* End PBXResourcesBuildPhase section */

/* Begin PBXSourcesBuildPhase section */
		8FBE804D1D480101004BD0CA /* Sources */ = {
			isa = PBXSourcesBuildPhase;
			buildActionMask = 2147483647;
			files = (
				8FBE80911D481E8D004BD0CA /* ELNThirdPartyAppsRouteBuildingManager.m in Sources */,
				8FBE808F1D481E8D004BD0CA /* ELNThirdPartyAppRouteBuildingModel.m in Sources */,
				8FBE80931D481E8D004BD0CA /* ELNYandexNavigatorRouteBuilder.m in Sources */,
				8FBE808A1D481E8D004BD0CA /* ELNAppleMapsRouteBuilder.m in Sources */,
				8FBE808C1D481E8D004BD0CA /* ELNGoogleMapsRouteBuilder.m in Sources */,
			);
			runOnlyForDeploymentPostprocessing = 0;
		};
/* End PBXSourcesBuildPhase section */

/* Begin XCBuildConfiguration section */
		8FBE80581D480101004BD0CA /* Debug */ = {
			isa = XCBuildConfiguration;
			buildSettings = {
				ALWAYS_SEARCH_USER_PATHS = NO;
				CLANG_ANALYZER_NONNULL = YES;
				CLANG_CXX_LANGUAGE_STANDARD = "gnu++0x";
				CLANG_CXX_LIBRARY = "libc++";
				CLANG_ENABLE_MODULES = YES;
				CLANG_ENABLE_OBJC_ARC = YES;
				CLANG_WARN_BOOL_CONVERSION = YES;
				CLANG_WARN_CONSTANT_CONVERSION = YES;
				CLANG_WARN_DIRECT_OBJC_ISA_USAGE = YES_ERROR;
				CLANG_WARN_EMPTY_BODY = YES;
				CLANG_WARN_ENUM_CONVERSION = YES;
				CLANG_WARN_INT_CONVERSION = YES;
				CLANG_WARN_OBJC_ROOT_CLASS = YES_ERROR;
				CLANG_WARN_UNREACHABLE_CODE = YES;
				CLANG_WARN__DUPLICATE_METHOD_MATCH = YES;
				"CODE_SIGN_IDENTITY[sdk=iphoneos*]" = "iPhone Developer";
				COPY_PHASE_STRIP = NO;
				CURRENT_PROJECT_VERSION = 1;
				DEBUG_INFORMATION_FORMAT = dwarf;
				ENABLE_STRICT_OBJC_MSGSEND = YES;
				ENABLE_TESTABILITY = YES;
				GCC_C_LANGUAGE_STANDARD = gnu99;
				GCC_DYNAMIC_NO_PIC = NO;
				GCC_NO_COMMON_BLOCKS = YES;
				GCC_OPTIMIZATION_LEVEL = 0;
				GCC_PREPROCESSOR_DEFINITIONS = (
					"DEBUG=1",
					"$(inherited)",
				);
				GCC_WARN_64_TO_32_BIT_CONVERSION = YES;
				GCC_WARN_ABOUT_RETURN_TYPE = YES_ERROR;
				GCC_WARN_UNDECLARED_SELECTOR = YES;
				GCC_WARN_UNINITIALIZED_AUTOS = YES_AGGRESSIVE;
				GCC_WARN_UNUSED_FUNCTION = YES;
				GCC_WARN_UNUSED_VARIABLE = YES;
				IPHONEOS_DEPLOYMENT_TARGET = 8.0;
				MTL_ENABLE_DEBUG_INFO = YES;
				ONLY_ACTIVE_ARCH = YES;
				SDKROOT = iphoneos;
				TARGETED_DEVICE_FAMILY = "1,2";
				VERSIONING_SYSTEM = "apple-generic";
				VERSION_INFO_PREFIX = "";
			};
			name = Debug;
		};
		8FBE80591D480101004BD0CA /* Release */ = {
			isa = XCBuildConfiguration;
			buildSettings = {
				ALWAYS_SEARCH_USER_PATHS = NO;
				CLANG_ANALYZER_NONNULL = YES;
				CLANG_CXX_LANGUAGE_STANDARD = "gnu++0x";
				CLANG_CXX_LIBRARY = "libc++";
				CLANG_ENABLE_MODULES = YES;
				CLANG_ENABLE_OBJC_ARC = YES;
				CLANG_WARN_BOOL_CONVERSION = YES;
				CLANG_WARN_CONSTANT_CONVERSION = YES;
				CLANG_WARN_DIRECT_OBJC_ISA_USAGE = YES_ERROR;
				CLANG_WARN_EMPTY_BODY = YES;
				CLANG_WARN_ENUM_CONVERSION = YES;
				CLANG_WARN_INT_CONVERSION = YES;
				CLANG_WARN_OBJC_ROOT_CLASS = YES_ERROR;
				CLANG_WARN_UNREACHABLE_CODE = YES;
				CLANG_WARN__DUPLICATE_METHOD_MATCH = YES;
				"CODE_SIGN_IDENTITY[sdk=iphoneos*]" = "iPhone Developer";
				COPY_PHASE_STRIP = NO;
				CURRENT_PROJECT_VERSION = 1;
				DEBUG_INFORMATION_FORMAT = "dwarf-with-dsym";
				ENABLE_NS_ASSERTIONS = NO;
				ENABLE_STRICT_OBJC_MSGSEND = YES;
				GCC_C_LANGUAGE_STANDARD = gnu99;
				GCC_NO_COMMON_BLOCKS = YES;
				GCC_WARN_64_TO_32_BIT_CONVERSION = YES;
				GCC_WARN_ABOUT_RETURN_TYPE = YES_ERROR;
				GCC_WARN_UNDECLARED_SELECTOR = YES;
				GCC_WARN_UNINITIALIZED_AUTOS = YES_AGGRESSIVE;
				GCC_WARN_UNUSED_FUNCTION = YES;
				GCC_WARN_UNUSED_VARIABLE = YES;
				IPHONEOS_DEPLOYMENT_TARGET = 8.0;
				MTL_ENABLE_DEBUG_INFO = NO;
				SDKROOT = iphoneos;
				TARGETED_DEVICE_FAMILY = "1,2";
				VALIDATE_PRODUCT = YES;
				VERSIONING_SYSTEM = "apple-generic";
				VERSION_INFO_PREFIX = "";
			};
			name = Release;
		};
		8FBE805B1D480101004BD0CA /* Debug */ = {
			isa = XCBuildConfiguration;
			buildSettings = {
				DEFINES_MODULE = YES;
				DYLIB_COMPATIBILITY_VERSION = 1;
				DYLIB_CURRENT_VERSION = 1;
				DYLIB_INSTALL_NAME_BASE = "@rpath";
				INFOPLIST_FILE = Broute/Info.plist;
				INSTALL_PATH = "$(LOCAL_LIBRARY_DIR)/Frameworks";
				IPHONEOS_DEPLOYMENT_TARGET = 7.0;
				LD_RUNPATH_SEARCH_PATHS = "$(inherited) @executable_path/Frameworks @loader_path/Frameworks";
				PRODUCT_BUNDLE_IDENTIFIER = "com.e-legion.broute";
				PRODUCT_NAME = "$(TARGET_NAME)";
				SKIP_INSTALL = YES;
			};
			name = Debug;
		};
		8FBE805C1D480101004BD0CA /* Release */ = {
			isa = XCBuildConfiguration;
			buildSettings = {
				DEFINES_MODULE = YES;
				DYLIB_COMPATIBILITY_VERSION = 1;
				DYLIB_CURRENT_VERSION = 1;
				DYLIB_INSTALL_NAME_BASE = "@rpath";
				INFOPLIST_FILE = Broute/Info.plist;
				INSTALL_PATH = "$(LOCAL_LIBRARY_DIR)/Frameworks";
				IPHONEOS_DEPLOYMENT_TARGET = 7.0;
				LD_RUNPATH_SEARCH_PATHS = "$(inherited) @executable_path/Frameworks @loader_path/Frameworks";
				PRODUCT_BUNDLE_IDENTIFIER = "com.e-legion.broute";
				PRODUCT_NAME = "$(TARGET_NAME)";
				SKIP_INSTALL = YES;
			};
			name = Release;
		};
/* End XCBuildConfiguration section */

/* Begin XCConfigurationList section */
		8FBE804C1D480101004BD0CA /* Build configuration list for PBXProject "Broute" */ = {
			isa = XCConfigurationList;
			buildConfigurations = (
				8FBE80581D480101004BD0CA /* Debug */,
				8FBE80591D480101004BD0CA /* Release */,
			);
			defaultConfigurationIsVisible = 0;
			defaultConfigurationName = Release;
		};
		8FBE805A1D480101004BD0CA /* Build configuration list for PBXNativeTarget "Broute" */ = {
			isa = XCConfigurationList;
			buildConfigurations = (
				8FBE805B1D480101004BD0CA /* Debug */,
				8FBE805C1D480101004BD0CA /* Release */,
			);
			defaultConfigurationIsVisible = 0;
			defaultConfigurationName = Release;
		};
/* End XCConfigurationList section */
	};
	rootObject = 8FBE80491D480101004BD0CA /* Project object */;
}
