// !$*UTF8*$!
{
	archiveVersion = 1;
	classes = {
	};
	objectVersion = 46;
	objects = {

/* Begin PBXBuildFile section */
		2CF93960999086B43031225E /* Pods_Example.framework in Frameworks */ = {isa = PBXBuildFile; fileRef = 8412B34C8E1557806635BC4F /* Pods_Example.framework */; };
		8FBE80DB1D48BA60004BD0CA /* AppDelegate.swift in Sources */ = {isa = PBXBuildFile; fileRef = 8FBE80DA1D48BA60004BD0CA /* AppDelegate.swift */; };
		8FBE80DD1D48BA60004BD0CA /* ViewController.swift in Sources */ = {isa = PBXBuildFile; fileRef = 8FBE80DC1D48BA60004BD0CA /* ViewController.swift */; };
		8FBE80E01D48BA60004BD0CA /* Main.storyboard in Resources */ = {isa = PBXBuildFile; fileRef = 8FBE80DE1D48BA60004BD0CA /* Main.storyboard */; };
		8FBE80E21D48BA60004BD0CA /* Assets.xcassets in Resources */ = {isa = PBXBuildFile; fileRef = 8FBE80E11D48BA60004BD0CA /* Assets.xcassets */; };
		8FBE80E51D48BA60004BD0CA /* LaunchScreen.storyboard in Resources */ = {isa = PBXBuildFile; fileRef = 8FBE80E31D48BA60004BD0CA /* LaunchScreen.storyboard */; };
		8FBE80ED1D48BCF7004BD0CA /* MapKit.framework in Frameworks */ = {isa = PBXBuildFile; fileRef = 8FBE80EC1D48BCF7004BD0CA /* MapKit.framework */; };
		8FBE80F01D48C0FA004BD0CA /* Localizable.strings in Resources */ = {isa = PBXBuildFile; fileRef = 8FBE80EE1D48C0FA004BD0CA /* Localizable.strings */; };
/* End PBXBuildFile section */

/* Begin PBXFileReference section */
		3A0542A3D22C40BE278F2E12 /* Pods-Example.release.xcconfig */ = {isa = PBXFileReference; includeInIndex = 1; lastKnownFileType = text.xcconfig; name = "Pods-Example.release.xcconfig"; path = "Pods/Target Support Files/Pods-Example/Pods-Example.release.xcconfig"; sourceTree = "<group>"; };
		8412B34C8E1557806635BC4F /* Pods_Example.framework */ = {isa = PBXFileReference; explicitFileType = wrapper.framework; includeInIndex = 0; path = Pods_Example.framework; sourceTree = BUILT_PRODUCTS_DIR; };
		8FBE80D71D48BA60004BD0CA /* Example.app */ = {isa = PBXFileReference; explicitFileType = wrapper.application; includeInIndex = 0; path = Example.app; sourceTree = BUILT_PRODUCTS_DIR; };
		8FBE80DA1D48BA60004BD0CA /* AppDelegate.swift */ = {isa = PBXFileReference; lastKnownFileType = sourcecode.swift; path = AppDelegate.swift; sourceTree = "<group>"; };
		8FBE80DC1D48BA60004BD0CA /* ViewController.swift */ = {isa = PBXFileReference; lastKnownFileType = sourcecode.swift; path = ViewController.swift; sourceTree = "<group>"; };
		8FBE80DF1D48BA60004BD0CA /* Base */ = {isa = PBXFileReference; lastKnownFileType = file.storyboard; name = Base; path = Base.lproj/Main.storyboard; sourceTree = "<group>"; };
		8FBE80E11D48BA60004BD0CA /* Assets.xcassets */ = {isa = PBXFileReference; lastKnownFileType = folder.assetcatalog; path = Assets.xcassets; sourceTree = "<group>"; };
		8FBE80E41D48BA60004BD0CA /* Base */ = {isa = PBXFileReference; lastKnownFileType = file.storyboard; name = Base; path = Base.lproj/LaunchScreen.storyboard; sourceTree = "<group>"; };
		8FBE80E61D48BA60004BD0CA /* Info.plist */ = {isa = PBXFileReference; lastKnownFileType = text.plist.xml; path = Info.plist; sourceTree = "<group>"; };
		8FBE80EC1D48BCF7004BD0CA /* MapKit.framework */ = {isa = PBXFileReference; lastKnownFileType = wrapper.framework; name = MapKit.framework; path = System/Library/Frameworks/MapKit.framework; sourceTree = SDKROOT; };
		8FBE80EF1D48C0FA004BD0CA /* en */ = {isa = PBXFileReference; lastKnownFileType = text.plist.strings; name = en; path = Example/en.lproj/Localizable.strings; sourceTree = "<group>"; };
		BF89C352CAF297126E31FD98 /* Pods-Example.debug.xcconfig */ = {isa = PBXFileReference; includeInIndex = 1; lastKnownFileType = text.xcconfig; name = "Pods-Example.debug.xcconfig"; path = "Pods/Target Support Files/Pods-Example/Pods-Example.debug.xcconfig"; sourceTree = "<group>"; };
/* End PBXFileReference section */

/* Begin PBXFrameworksBuildPhase section */
		8FBE80D41D48BA60004BD0CA /* Frameworks */ = {
			isa = PBXFrameworksBuildPhase;
			buildActionMask = 2147483647;
			files = (
				8FBE80ED1D48BCF7004BD0CA /* MapKit.framework in Frameworks */,
				2CF93960999086B43031225E /* Pods_Example.framework in Frameworks */,
			);
			runOnlyForDeploymentPostprocessing = 0;
		};
/* End PBXFrameworksBuildPhase section */

/* Begin PBXGroup section */
		8BF5D78E2FD26277DD4F5C60 /* Frameworks */ = {
			isa = PBXGroup;
			children = (
				8FBE80EC1D48BCF7004BD0CA /* MapKit.framework */,
				8412B34C8E1557806635BC4F /* Pods_Example.framework */,
			);
			name = Frameworks;
			sourceTree = "<group>";
		};
		8FBE80CE1D48BA60004BD0CA = {
			isa = PBXGroup;
			children = (
				8FBE80D91D48BA60004BD0CA /* Example */,
				8FBE80D81D48BA60004BD0CA /* Products */,
				A050F6A4BA6C3646BF53748F /* Pods */,
				8BF5D78E2FD26277DD4F5C60 /* Frameworks */,
			);
			sourceTree = "<group>";
		};
		8FBE80D81D48BA60004BD0CA /* Products */ = {
			isa = PBXGroup;
			children = (
				8FBE80D71D48BA60004BD0CA /* Example.app */,
			);
			name = Products;
			sourceTree = "<group>";
		};
		8FBE80D91D48BA60004BD0CA /* Example */ = {
			isa = PBXGroup;
			children = (
				8FBE80F31D48C8AC004BD0CA /* Code */,
				8FBE80F21D48C89C004BD0CA /* Supporting Files */,
				8FBE80F11D48C890004BD0CA /* Resources */,
			);
			path = Example;
			sourceTree = "<group>";
		};
		8FBE80F11D48C890004BD0CA /* Resources */ = {
			isa = PBXGroup;
			children = (
				8FBE80E11D48BA60004BD0CA /* Assets.xcassets */,
				8FBE80EE1D48C0FA004BD0CA /* Localizable.strings */,
			);
			name = Resources;
			sourceTree = "<group>";
		};
		8FBE80F21D48C89C004BD0CA /* Supporting Files */ = {
			isa = PBXGroup;
			children = (
				8FBE80E61D48BA60004BD0CA /* Info.plist */,
			);
			name = "Supporting Files";
			sourceTree = "<group>";
		};
		8FBE80F31D48C8AC004BD0CA /* Code */ = {
			isa = PBXGroup;
			children = (
				8FBE80DA1D48BA60004BD0CA /* AppDelegate.swift */,
				8FBE80DC1D48BA60004BD0CA /* ViewController.swift */,
				8FBE80F41D48C8B4004BD0CA /* Xibs */,
			);
			name = Code;
			sourceTree = "<group>";
		};
		8FBE80F41D48C8B4004BD0CA /* Xibs */ = {
			isa = PBXGroup;
			children = (
				8FBE80E31D48BA60004BD0CA /* LaunchScreen.storyboard */,
				8FBE80DE1D48BA60004BD0CA /* Main.storyboard */,
			);
			name = Xibs;
			sourceTree = "<group>";
		};
		A050F6A4BA6C3646BF53748F /* Pods */ = {
			isa = PBXGroup;
			children = (
				BF89C352CAF297126E31FD98 /* Pods-Example.debug.xcconfig */,
				3A0542A3D22C40BE278F2E12 /* Pods-Example.release.xcconfig */,
			);
			name = Pods;
			sourceTree = "<group>";
		};
/* End PBXGroup section */

/* Begin PBXNativeTarget section */
		8FBE80D61D48BA60004BD0CA /* Example */ = {
			isa = PBXNativeTarget;
			buildConfigurationList = 8FBE80E91D48BA60004BD0CA /* Build configuration list for PBXNativeTarget "Example" */;
			buildPhases = (
				97A7995889D91949EBCBC0B0 /* 📦 Check Pods Manifest.lock */,
				8FBE80D31D48BA60004BD0CA /* Sources */,
				8FBE80D41D48BA60004BD0CA /* Frameworks */,
				8FBE80D51D48BA60004BD0CA /* Resources */,
				B5336D9B2D796509E9B4B668 /* 📦 Embed Pods Frameworks */,
				9E3372B4BEC8D21E4841B9EF /* 📦 Copy Pods Resources */,
			);
			buildRules = (
			);
			dependencies = (
			);
			name = Example;
			productName = Example;
			productReference = 8FBE80D71D48BA60004BD0CA /* Example.app */;
			productType = "com.apple.product-type.application";
		};
/* End PBXNativeTarget section */

/* Begin PBXProject section */
		8FBE80CF1D48BA60004BD0CA /* Project object */ = {
			isa = PBXProject;
			attributes = {
				LastSwiftUpdateCheck = 0730;
				LastUpgradeCheck = 0730;
				ORGANIZATIONNAME = ELN;
				TargetAttributes = {
					8FBE80D61D48BA60004BD0CA = {
						CreatedOnToolsVersion = 7.3;
						DevelopmentTeam = 934H2NV4MS;
					};
				};
			};
			buildConfigurationList = 8FBE80D21D48BA60004BD0CA /* Build configuration list for PBXProject "Example" */;
			compatibilityVersion = "Xcode 3.2";
			developmentRegion = English;
			hasScannedForEncodings = 0;
			knownRegions = (
				en,
				Base,
			);
			mainGroup = 8FBE80CE1D48BA60004BD0CA;
			productRefGroup = 8FBE80D81D48BA60004BD0CA /* Products */;
			projectDirPath = "";
			projectRoot = "";
			targets = (
				8FBE80D61D48BA60004BD0CA /* Example */,
			);
		};
/* End PBXProject section */

/* Begin PBXResourcesBuildPhase section */
		8FBE80D51D48BA60004BD0CA /* Resources */ = {
			isa = PBXResourcesBuildPhase;
			buildActionMask = 2147483647;
			files = (
				8FBE80E51D48BA60004BD0CA /* LaunchScreen.storyboard in Resources */,
				8FBE80F01D48C0FA004BD0CA /* Localizable.strings in Resources */,
				8FBE80E21D48BA60004BD0CA /* Assets.xcassets in Resources */,
				8FBE80E01D48BA60004BD0CA /* Main.storyboard in Resources */,
			);
			runOnlyForDeploymentPostprocessing = 0;
		};
/* End PBXResourcesBuildPhase section */

/* Begin PBXShellScriptBuildPhase section */
		97A7995889D91949EBCBC0B0 /* 📦 Check Pods Manifest.lock */ = {
			isa = PBXShellScriptBuildPhase;
			buildActionMask = 2147483647;
			files = (
			);
			inputPaths = (
			);
			name = "📦 Check Pods Manifest.lock";
			outputPaths = (
			);
			runOnlyForDeploymentPostprocessing = 0;
			shellPath = /bin/sh;
			shellScript = "diff \"${PODS_ROOT}/../Podfile.lock\" \"${PODS_ROOT}/Manifest.lock\" > /dev/null\nif [[ $? != 0 ]] ; then\n    cat << EOM\nerror: The sandbox is not in sync with the Podfile.lock. Run 'pod install' or update your CocoaPods installation.\nEOM\n    exit 1\nfi\n";
			showEnvVarsInLog = 0;
		};
		9E3372B4BEC8D21E4841B9EF /* 📦 Copy Pods Resources */ = {
			isa = PBXShellScriptBuildPhase;
			buildActionMask = 2147483647;
			files = (
			);
			inputPaths = (
			);
			name = "📦 Copy Pods Resources";
			outputPaths = (
			);
			runOnlyForDeploymentPostprocessing = 0;
			shellPath = /bin/sh;
			shellScript = "\"${SRCROOT}/Pods/Target Support Files/Pods-Example/Pods-Example-resources.sh\"\n";
			showEnvVarsInLog = 0;
		};
		B5336D9B2D796509E9B4B668 /* 📦 Embed Pods Frameworks */ = {
			isa = PBXShellScriptBuildPhase;
			buildActionMask = 2147483647;
			files = (
			);
			inputPaths = (
			);
			name = "📦 Embed Pods Frameworks";
			outputPaths = (
			);
			runOnlyForDeploymentPostprocessing = 0;
			shellPath = /bin/sh;
			shellScript = "\"${SRCROOT}/Pods/Target Support Files/Pods-Example/Pods-Example-frameworks.sh\"\n";
			showEnvVarsInLog = 0;
		};
/* End PBXShellScriptBuildPhase section */

/* Begin PBXSourcesBuildPhase section */
		8FBE80D31D48BA60004BD0CA /* Sources */ = {
			isa = PBXSourcesBuildPhase;
			buildActionMask = 2147483647;
			files = (
				8FBE80DD1D48BA60004BD0CA /* ViewController.swift in Sources */,
				8FBE80DB1D48BA60004BD0CA /* AppDelegate.swift in Sources */,
			);
			runOnlyForDeploymentPostprocessing = 0;
		};
/* End PBXSourcesBuildPhase section */

/* Begin PBXVariantGroup section */
		8FBE80DE1D48BA60004BD0CA /* Main.storyboard */ = {
			isa = PBXVariantGroup;
			children = (
				8FBE80DF1D48BA60004BD0CA /* Base */,
			);
			name = Main.storyboard;
			sourceTree = "<group>";
		};
		8FBE80E31D48BA60004BD0CA /* LaunchScreen.storyboard */ = {
			isa = PBXVariantGroup;
			children = (
				8FBE80E41D48BA60004BD0CA /* Base */,
			);
			name = LaunchScreen.storyboard;
			sourceTree = "<group>";
		};
		8FBE80EE1D48C0FA004BD0CA /* Localizable.strings */ = {
			isa = PBXVariantGroup;
			children = (
				8FBE80EF1D48C0FA004BD0CA /* en */,
			);
			name = Localizable.strings;
			path = ..;
			sourceTree = "<group>";
		};
/* End PBXVariantGroup section */

/* Begin XCBuildConfiguration section */
		8FBE80E71D48BA60004BD0CA /* Debug */ = {
			isa = XCBuildConfiguration;
			buildSettings = {
				ALWAYS_SEARCH_USER_PATHS = NO;
				CLANG_ANALYZER_NONNULL = YES;
				CLANG_CXX_LANGUAGE_STANDARD = "gnu++0x";
				CLANG_CXX_LIBRARY = "libc++";
				CLANG_ENABLE_MODULES = YES;
				CLANG_ENABLE_OBJC_ARC = YES;
				CLANG_WARN_BOOL_CONVERSION = YES;
				CLANG_WARN_CONSTANT_CONVERSION = YES;
				CLANG_WARN_DIRECT_OBJC_ISA_USAGE = YES_ERROR;
				CLANG_WARN_EMPTY_BODY = YES;
				CLANG_WARN_ENUM_CONVERSION = YES;
				CLANG_WARN_INT_CONVERSION = YES;
				CLANG_WARN_OBJC_ROOT_CLASS = YES_ERROR;
				CLANG_WARN_UNREACHABLE_CODE = YES;
				CLANG_WARN__DUPLICATE_METHOD_MATCH = YES;
				"CODE_SIGN_IDENTITY[sdk=iphoneos*]" = "iPhone Developer";
				COPY_PHASE_STRIP = NO;
				DEBUG_INFORMATION_FORMAT = dwarf;
				ENABLE_STRICT_OBJC_MSGSEND = YES;
				ENABLE_TESTABILITY = YES;
				GCC_C_LANGUAGE_STANDARD = gnu99;
				GCC_DYNAMIC_NO_PIC = NO;
				GCC_NO_COMMON_BLOCKS = YES;
				GCC_OPTIMIZATION_LEVEL = 0;
				GCC_PREPROCESSOR_DEFINITIONS = (
					"DEBUG=1",
					"$(inherited)",
				);
				GCC_WARN_64_TO_32_BIT_CONVERSION = YES;
				GCC_WARN_ABOUT_RETURN_TYPE = YES_ERROR;
				GCC_WARN_UNDECLARED_SELECTOR = YES;
				GCC_WARN_UNINITIALIZED_AUTOS = YES_AGGRESSIVE;
				GCC_WARN_UNUSED_FUNCTION = YES;
				GCC_WARN_UNUSED_VARIABLE = YES;
				IPHONEOS_DEPLOYMENT_TARGET = 8.0;
				MTL_ENABLE_DEBUG_INFO = YES;
				ONLY_ACTIVE_ARCH = YES;
				SDKROOT = iphoneos;
				SWIFT_OPTIMIZATION_LEVEL = "-Onone";
			};
			name = Debug;
		};
		8FBE80E81D48BA60004BD0CA /* Release */ = {
			isa = XCBuildConfiguration;
			buildSettings = {
				ALWAYS_SEARCH_USER_PATHS = NO;
				CLANG_ANALYZER_NONNULL = YES;
				CLANG_CXX_LANGUAGE_STANDARD = "gnu++0x";
				CLANG_CXX_LIBRARY = "libc++";
				CLANG_ENABLE_MODULES = YES;
				CLANG_ENABLE_OBJC_ARC = YES;
				CLANG_WARN_BOOL_CONVERSION = YES;
				CLANG_WARN_CONSTANT_CONVERSION = YES;
				CLANG_WARN_DIRECT_OBJC_ISA_USAGE = YES_ERROR;
				CLANG_WARN_EMPTY_BODY = YES;
				CLANG_WARN_ENUM_CONVERSION = YES;
				CLANG_WARN_INT_CONVERSION = YES;
				CLANG_WARN_OBJC_ROOT_CLASS = YES_ERROR;
				CLANG_WARN_UNREACHABLE_CODE = YES;
				CLANG_WARN__DUPLICATE_METHOD_MATCH = YES;
				"CODE_SIGN_IDENTITY[sdk=iphoneos*]" = "iPhone Developer";
				COPY_PHASE_STRIP = NO;
				DEBUG_INFORMATION_FORMAT = "dwarf-with-dsym";
				ENABLE_NS_ASSERTIONS = NO;
				ENABLE_STRICT_OBJC_MSGSEND = YES;
				GCC_C_LANGUAGE_STANDARD = gnu99;
				GCC_NO_COMMON_BLOCKS = YES;
				GCC_WARN_64_TO_32_BIT_CONVERSION = YES;
				GCC_WARN_ABOUT_RETURN_TYPE = YES_ERROR;
				GCC_WARN_UNDECLARED_SELECTOR = YES;
				GCC_WARN_UNINITIALIZED_AUTOS = YES_AGGRESSIVE;
				GCC_WARN_UNUSED_FUNCTION = YES;
				GCC_WARN_UNUSED_VARIABLE = YES;
				IPHONEOS_DEPLOYMENT_TARGET = 8.0;
				MTL_ENABLE_DEBUG_INFO = NO;
				SDKROOT = iphoneos;
				VALIDATE_PRODUCT = YES;
			};
			name = Release;
		};
		8FBE80EA1D48BA60004BD0CA /* Debug */ = {
			isa = XCBuildConfiguration;
			baseConfigurationReference = BF89C352CAF297126E31FD98 /* Pods-Example.debug.xcconfig */;
			buildSettings = {
				ASSETCATALOG_COMPILER_APPICON_NAME = AppIcon;
				CODE_SIGN_IDENTITY = "iPhone Developer";
				"CODE_SIGN_IDENTITY[sdk=iphoneos*]" = "iPhone Developer";
				INFOPLIST_FILE = Example/Info.plist;
				LD_RUNPATH_SEARCH_PATHS = "$(inherited) @executable_path/Frameworks";
				PRODUCT_BUNDLE_IDENTIFIER = "com.e-legion.broute-example";
				PRODUCT_NAME = "$(TARGET_NAME)";
				PROVISIONING_PROFILE = "";
			};
			name = Debug;
		};
		8FBE80EB1D48BA60004BD0CA /* Release */ = {
			isa = XCBuildConfiguration;
			baseConfigurationReference = 3A0542A3D22C40BE278F2E12 /* Pods-Example.release.xcconfig */;
			buildSettings = {
				ASSETCATALOG_COMPILER_APPICON_NAME = AppIcon;
				CODE_SIGN_IDENTITY = "iPhone Developer";
				"CODE_SIGN_IDENTITY[sdk=iphoneos*]" = "iPhone Developer";
				INFOPLIST_FILE = Example/Info.plist;
				LD_RUNPATH_SEARCH_PATHS = "$(inherited) @executable_path/Frameworks";
				PRODUCT_BUNDLE_IDENTIFIER = "com.e-legion.broute-example";
				PRODUCT_NAME = "$(TARGET_NAME)";
				PROVISIONING_PROFILE = "";
			};
			name = Release;
		};
/* End XCBuildConfiguration section */

/* Begin XCConfigurationList section */
		8FBE80D21D48BA60004BD0CA /* Build configuration list for PBXProject "Example" */ = {
			isa = XCConfigurationList;
			buildConfigurations = (
				8FBE80E71D48BA60004BD0CA /* Debug */,
				8FBE80E81D48BA60004BD0CA /* Release */,
			);
			defaultConfigurationIsVisible = 0;
			defaultConfigurationName = Release;
		};
		8FBE80E91D48BA60004BD0CA /* Build configuration list for PBXNativeTarget "Example" */ = {
			isa = XCConfigurationList;
			buildConfigurations = (
				8FBE80EA1D48BA60004BD0CA /* Debug */,
				8FBE80EB1D48BA60004BD0CA /* Release */,
			);
			defaultConfigurationIsVisible = 0;
			defaultConfigurationName = Release;
		};
/* End XCConfigurationList section */
	};
	rootObject = 8FBE80CF1D48BA60004BD0CA /* Project object */;
}
